<?xml version="1.0" encoding="utf-8"?>
<Project ToolsVersion="4.0" xmlns="http://schemas.microsoft.com/developer/msbuild/2003">
  <ItemGroup>
    <Filter Include="Source Files">
      <UniqueIdentifier>{4FC737F1-C7A5-4376-A066-2A32D752A2FF}</UniqueIdentifier>
      <Extensions>cpp;c;cc;cxx;def;odl;idl;hpj;bat;asm;asmx</Extensions>
    </Filter>
    <Filter Include="Header Files">
      <UniqueIdentifier>{93995380-89BD-4b04-88EB-625FBE52EBFB}</UniqueIdentifier>
      <Extensions>h;hpp;hxx;hm;inl;inc;xsd</Extensions>
    </Filter>
    <Filter Include="Resource Files">
      <UniqueIdentifier>{67DA6AB6-F800-4c08-8B7A-83BB121AAD01}</UniqueIdentifier>
      <Extensions>rc;ico;cur;bmp;dlg;rc2;rct;bin;rgs;gif;jpg;jpeg;jpe;resx;tiff;tif;png;wav;mfcribbon-ms</Extensions>
    </Filter>
    <Filter Include="Game Widgets">
      <UniqueIdentifier>{4045d675-ecfe-4481-8075-e44170701e64}</UniqueIdentifier>
    </Filter>
    <Filter Include="Game Widgets\Headers">
      <UniqueIdentifier>{b365301a-dbcf-439f-8e5b-89685c060a0b}</UniqueIdentifier>
    </Filter>
    <Filter Include="Game Widgets\Source">
      <UniqueIdentifier>{c06b9108-ec3d-4e84-9a04-5a4b1b0a7420}</UniqueIdentifier>
    </Filter>
  </ItemGroup>
  <ItemGroup>
    <ClCompile Include="source\main.cpp">
      <Filter>Source Files</Filter>
    </ClCompile>
    <ClCompile Include="source\gamemanager.cpp">
      <Filter>Source Files</Filter>
    </ClCompile>
    <ClCompile Include="source\splashscreenstate.cpp">
      <Filter>Source Files</Filter>
    </ClCompile>
    <ClCompile Include="source\menustate.cpp">
      <Filter>Source Files</Filter>
    </ClCompile>
    <ClCompile Include="source\tileview.cpp">
      <Filter>Game Widgets\Source</Filter>
    </ClCompile>
    <ClCompile Include="source\submenustate.cpp">
      <Filter>Source Files</Filter>
    </ClCompile>
    <ClCompile Include="source\play9x9sudokustate.cpp">
      <Filter>Source Files</Filter>
    </ClCompile>
    <ClCompile Include="source\boardmodeladapter.cpp">
      <Filter>Game Widgets\Source</Filter>
    </ClCompile>
    <ClCompile Include="source\boardlayout.cpp">
      <Filter>Game Widgets\Source</Filter>
    </ClCompile>
    <ClCompile Include="source\sudokuboardlayout.cpp">
      <Filter>Game Widgets\Source</Filter>
    </ClCompile>
    <ClCompile Include="source\boardview.cpp">
      <Filter>Game Widgets\Source</Filter>
    </ClCompile>
    <ClCompile Include="source\scorelayout.cpp">
      <Filter>Game Widgets\Source</Filter>
    </ClCompile>
    <ClCompile Include="source\menulayout.cpp">
      <Filter>Game Widgets\Source</Filter>
    </ClCompile>
    <ClCompile Include="source\cursorview.cpp">
      <Filter>Game Widgets\Source</Filter>
    </ClCompile>
    <ClCompile Include="source\cursorcontroller.cpp">
      <Filter>Game Widgets\Source</Filter>
    </ClCompile>
    <ClCompile Include="source\pausemenustate.cpp">
      <Filter>Source Files</Filter>
    </ClCompile>
  </ItemGroup>
  <ItemGroup>
    <ClInclude Include="include\gamemanager.h">
      <Filter>Header Files</Filter>
    </ClInclude>
    <ClInclude Include="include\splashscreenstate.h">
      <Filter>Header Files</Filter>
    </ClInclude>
    <ClInclude Include="include\play9x9sudokustate.h">
      <Filter>Header Files</Filter>
    </ClInclude>
    <ClInclude Include="include\abstractgamestate.h">
      <Filter>Header Files</Filter>
    </ClInclude>
    <ClInclude Include="include\abstractcontroller.h">
      <Filter>Game Widgets\Headers</Filter>
    </ClInclude>
    <ClInclude Include="include\abstractviewer.h">
      <Filter>Game Widgets\Headers</Filter>
    </ClInclude>
    <ClInclude Include="include\sudokugame.h">
      <Filter>Header Files</Filter>
    </ClInclude>
    <ClInclude Include="include\menustate.h">
      <Filter>Header Files</Filter>
    </ClInclude>
    <ClInclude Include="include\tileview.h">
      <Filter>Game Widgets\Headers</Filter>
    </ClInclude>
    <ClInclude Include="include\submenustate.h">
      <Filter>Header Files</Filter>
    </ClInclude>
    <ClInclude Include="include\boardmodeladapter.h">
      <Filter>Game Widgets\Headers</Filter>
    </ClInclude>
    <ClInclude Include="include\boardlayout.h">
      <Filter>Game Widgets\Headers</Filter>
    </ClInclude>
    <ClInclude Include="include\sudokuboardlayout.h">
      <Filter>Game Widgets\Headers</Filter>
    </ClInclude>
    <ClInclude Include="include\boardview.h">
      <Filter>Game Widgets\Headers</Filter>
    </ClInclude>
    <ClInclude Include="include\scorelayout.h">
      <Filter>Game Widgets\Headers</Filter>
    </ClInclude>
    <ClInclude Include="include\menulayout.h">
      <Filter>Game Widgets\Headers</Filter>
    </ClInclude>
    <ClInclude Include="include\cursorview.h">
      <Filter>Game Widgets\Headers</Filter>
    </ClInclude>
    <ClInclude Include="include\cursorcontroller.h">
      <Filter>Game Widgets\Headers</Filter>
    </ClInclude>
    <ClInclude Include="include\pausemenustate.h">
      <Filter>Header Files</Filter>
    </ClInclude>
    <ClInclude Include="include\cursoreventobserver.h">
      <Filter>Game Widgets\Headers</Filter>
    </ClInclude>
  </ItemGroup>
</Project>